// !$*UTF8*$!
{
	archiveVersion = 1;
	classes = {
	};
	objectVersion = 56;
	objects = {

/* Begin PBXBuildFile section */
		2137957B2BAB49B000A64F00 /* flexible-keyboard Watch App.app in Embed Watch Content */ = {isa = PBXBuildFile; fileRef = 2137957A2BAB49B000A64F00 /* flexible-keyboard Watch App.app */; settings = {ATTRIBUTES = (RemoveHeadersOnCopy, ); }; };
		213795802BAB49B000A64F00 /* flexible_keyboardApp.swift in Sources */ = {isa = PBXBuildFile; fileRef = 2137957F2BAB49B000A64F00 /* flexible_keyboardApp.swift */; };
		213795822BAB49B000A64F00 /* ContentView.swift in Sources */ = {isa = PBXBuildFile; fileRef = 213795812BAB49B000A64F00 /* ContentView.swift */; };
		213795842BAB49B500A64F00 /* Assets.xcassets in Resources */ = {isa = PBXBuildFile; fileRef = 213795832BAB49B500A64F00 /* Assets.xcassets */; };
		213795872BAB49B500A64F00 /* Preview Assets.xcassets in Resources */ = {isa = PBXBuildFile; fileRef = 213795862BAB49B500A64F00 /* Preview Assets.xcassets */; };
		213795912BAB49B500A64F00 /* flexible_keyboard_Watch_AppTests.swift in Sources */ = {isa = PBXBuildFile; fileRef = 213795902BAB49B500A64F00 /* flexible_keyboard_Watch_AppTests.swift */; };
		2137959B2BAB49B500A64F00 /* flexible_keyboard_Watch_AppUITests.swift in Sources */ = {isa = PBXBuildFile; fileRef = 2137959A2BAB49B500A64F00 /* flexible_keyboard_Watch_AppUITests.swift */; };
		2137959D2BAB49B500A64F00 /* flexible_keyboard_Watch_AppUITestsLaunchTests.swift in Sources */ = {isa = PBXBuildFile; fileRef = 2137959C2BAB49B500A64F00 /* flexible_keyboard_Watch_AppUITestsLaunchTests.swift */; };
/* End PBXBuildFile section */

/* Begin PBXContainerItemProxy section */
		2137957C2BAB49B000A64F00 /* PBXContainerItemProxy */ = {
			isa = PBXContainerItemProxy;
			containerPortal = 2137956E2BAB49B000A64F00 /* Project object */;
			proxyType = 1;
			remoteGlobalIDString = 213795792BAB49B000A64F00;
			remoteInfo = "flexible-keyboard Watch App";
		};
		2137958D2BAB49B500A64F00 /* PBXContainerItemProxy */ = {
			isa = PBXContainerItemProxy;
			containerPortal = 2137956E2BAB49B000A64F00 /* Project object */;
			proxyType = 1;
			remoteGlobalIDString = 213795792BAB49B000A64F00;
			remoteInfo = "flexible-keyboard Watch App";
		};
		213795972BAB49B500A64F00 /* PBXContainerItemProxy */ = {
			isa = PBXContainerItemProxy;
			containerPortal = 2137956E2BAB49B000A64F00 /* Project object */;
			proxyType = 1;
			remoteGlobalIDString = 213795792BAB49B000A64F00;
			remoteInfo = "flexible-keyboard Watch App";
		};
/* End PBXContainerItemProxy section */

/* Begin PBXCopyFilesBuildPhase section */
		213795A32BAB49B500A64F00 /* Embed Watch Content */ = {
			isa = PBXCopyFilesBuildPhase;
			buildActionMask = 2147483647;
			dstPath = "$(CONTENTS_FOLDER_PATH)/Watch";
			dstSubfolderSpec = 16;
			files = (
				2137957B2BAB49B000A64F00 /* flexible-keyboard Watch App.app in Embed Watch Content */,
			);
			name = "Embed Watch Content";
			runOnlyForDeploymentPostprocessing = 0;
		};
/* End PBXCopyFilesBuildPhase section */

/* Begin PBXFileReference section */
		213795742BAB49B000A64F00 /* flexible-keyboard.app */ = {isa = PBXFileReference; explicitFileType = wrapper.application; includeInIndex = 0; path = "flexible-keyboard.app"; sourceTree = BUILT_PRODUCTS_DIR; };
		2137957A2BAB49B000A64F00 /* flexible-keyboard Watch App.app */ = {isa = PBXFileReference; explicitFileType = wrapper.application; includeInIndex = 0; path = "flexible-keyboard Watch App.app"; sourceTree = BUILT_PRODUCTS_DIR; };
		2137957F2BAB49B000A64F00 /* flexible_keyboardApp.swift */ = {isa = PBXFileReference; lastKnownFileType = sourcecode.swift; path = flexible_keyboardApp.swift; sourceTree = "<group>"; };
		213795812BAB49B000A64F00 /* ContentView.swift */ = {isa = PBXFileReference; lastKnownFileType = sourcecode.swift; path = ContentView.swift; sourceTree = "<group>"; };
		213795832BAB49B500A64F00 /* Assets.xcassets */ = {isa = PBXFileReference; lastKnownFileType = folder.assetcatalog; path = Assets.xcassets; sourceTree = "<group>"; };
		213795862BAB49B500A64F00 /* Preview Assets.xcassets */ = {isa = PBXFileReference; lastKnownFileType = folder.assetcatalog; path = "Preview Assets.xcassets"; sourceTree = "<group>"; };
		2137958C2BAB49B500A64F00 /* flexible-keyboard Watch AppTests.xctest */ = {isa = PBXFileReference; explicitFileType = wrapper.cfbundle; includeInIndex = 0; path = "flexible-keyboard Watch AppTests.xctest"; sourceTree = BUILT_PRODUCTS_DIR; };
		213795902BAB49B500A64F00 /* flexible_keyboard_Watch_AppTests.swift */ = {isa = PBXFileReference; lastKnownFileType = sourcecode.swift; path = flexible_keyboard_Watch_AppTests.swift; sourceTree = "<group>"; };
		213795962BAB49B500A64F00 /* flexible-keyboard Watch AppUITests.xctest */ = {isa = PBXFileReference; explicitFileType = wrapper.cfbundle; includeInIndex = 0; path = "flexible-keyboard Watch AppUITests.xctest"; sourceTree = BUILT_PRODUCTS_DIR; };
		2137959A2BAB49B500A64F00 /* flexible_keyboard_Watch_AppUITests.swift */ = {isa = PBXFileReference; lastKnownFileType = sourcecode.swift; path = flexible_keyboard_Watch_AppUITests.swift; sourceTree = "<group>"; };
		2137959C2BAB49B500A64F00 /* flexible_keyboard_Watch_AppUITestsLaunchTests.swift */ = {isa = PBXFileReference; lastKnownFileType = sourcecode.swift; path = flexible_keyboard_Watch_AppUITestsLaunchTests.swift; sourceTree = "<group>"; };
/* End PBXFileReference section */

/* Begin PBXFrameworksBuildPhase section */
		213795772BAB49B000A64F00 /* Frameworks */ = {
			isa = PBXFrameworksBuildPhase;
			buildActionMask = 2147483647;
			files = (
			);
			runOnlyForDeploymentPostprocessing = 0;
		};
		213795892BAB49B500A64F00 /* Frameworks */ = {
			isa = PBXFrameworksBuildPhase;
			buildActionMask = 2147483647;
			files = (
			);
			runOnlyForDeploymentPostprocessing = 0;
		};
		213795932BAB49B500A64F00 /* Frameworks */ = {
			isa = PBXFrameworksBuildPhase;
			buildActionMask = 2147483647;
			files = (
			);
			runOnlyForDeploymentPostprocessing = 0;
		};
/* End PBXFrameworksBuildPhase section */

/* Begin PBXGroup section */
		2137956D2BAB49B000A64F00 = {
			isa = PBXGroup;
			children = (
				2137957E2BAB49B000A64F00 /* flexible-keyboard Watch App */,
				2137958F2BAB49B500A64F00 /* flexible-keyboard Watch AppTests */,
				213795992BAB49B500A64F00 /* flexible-keyboard Watch AppUITests */,
				213795752BAB49B000A64F00 /* Products */,
			);
			sourceTree = "<group>";
		};
		213795752BAB49B000A64F00 /* Products */ = {
			isa = PBXGroup;
			children = (
				213795742BAB49B000A64F00 /* flexible-keyboard.app */,
				2137957A2BAB49B000A64F00 /* flexible-keyboard Watch App.app */,
				2137958C2BAB49B500A64F00 /* flexible-keyboard Watch AppTests.xctest */,
				213795962BAB49B500A64F00 /* flexible-keyboard Watch AppUITests.xctest */,
			);
			name = Products;
			sourceTree = "<group>";
		};
		2137957E2BAB49B000A64F00 /* flexible-keyboard Watch App */ = {
			isa = PBXGroup;
			children = (
				2137957F2BAB49B000A64F00 /* flexible_keyboardApp.swift */,
				213795812BAB49B000A64F00 /* ContentView.swift */,
				213795832BAB49B500A64F00 /* Assets.xcassets */,
				213795852BAB49B500A64F00 /* Preview Content */,
			);
			path = "flexible-keyboard Watch App";
			sourceTree = "<group>";
		};
		213795852BAB49B500A64F00 /* Preview Content */ = {
			isa = PBXGroup;
			children = (
				213795862BAB49B500A64F00 /* Preview Assets.xcassets */,
			);
			path = "Preview Content";
			sourceTree = "<group>";
		};
		2137958F2BAB49B500A64F00 /* flexible-keyboard Watch AppTests */ = {
			isa = PBXGroup;
			children = (
				213795902BAB49B500A64F00 /* flexible_keyboard_Watch_AppTests.swift */,
			);
			path = "flexible-keyboard Watch AppTests";
			sourceTree = "<group>";
		};
		213795992BAB49B500A64F00 /* flexible-keyboard Watch AppUITests */ = {
			isa = PBXGroup;
			children = (
				2137959A2BAB49B500A64F00 /* flexible_keyboard_Watch_AppUITests.swift */,
				2137959C2BAB49B500A64F00 /* flexible_keyboard_Watch_AppUITestsLaunchTests.swift */,
			);
			path = "flexible-keyboard Watch AppUITests";
			sourceTree = "<group>";
		};
/* End PBXGroup section */

/* Begin PBXNativeTarget section */
		213795732BAB49B000A64F00 /* flexible-keyboard */ = {
			isa = PBXNativeTarget;
			buildConfigurationList = 213795A42BAB49B500A64F00 /* Build configuration list for PBXNativeTarget "flexible-keyboard" */;
			buildPhases = (
				213795722BAB49B000A64F00 /* Resources */,
				213795A32BAB49B500A64F00 /* Embed Watch Content */,
			);
			buildRules = (
			);
			dependencies = (
				2137957D2BAB49B000A64F00 /* PBXTargetDependency */,
			);
			name = "flexible-keyboard";
			productName = "flexible-keyboard";
			productReference = 213795742BAB49B000A64F00 /* flexible-keyboard.app */;
			productType = "com.apple.product-type.application.watchapp2-container";
		};
		213795792BAB49B000A64F00 /* flexible-keyboard Watch App */ = {
			isa = PBXNativeTarget;
			buildConfigurationList = 213795A02BAB49B500A64F00 /* Build configuration list for PBXNativeTarget "flexible-keyboard Watch App" */;
			buildPhases = (
				213795762BAB49B000A64F00 /* Sources */,
				213795772BAB49B000A64F00 /* Frameworks */,
				213795782BAB49B000A64F00 /* Resources */,
			);
			buildRules = (
			);
			dependencies = (
			);
			name = "flexible-keyboard Watch App";
			productName = "flexible-keyboard Watch App";
			productReference = 2137957A2BAB49B000A64F00 /* flexible-keyboard Watch App.app */;
			productType = "com.apple.product-type.application";
		};
		2137958B2BAB49B500A64F00 /* flexible-keyboard Watch AppTests */ = {
			isa = PBXNativeTarget;
			buildConfigurationList = 213795A72BAB49B500A64F00 /* Build configuration list for PBXNativeTarget "flexible-keyboard Watch AppTests" */;
			buildPhases = (
				213795882BAB49B500A64F00 /* Sources */,
				213795892BAB49B500A64F00 /* Frameworks */,
				2137958A2BAB49B500A64F00 /* Resources */,
			);
			buildRules = (
			);
			dependencies = (
				2137958E2BAB49B500A64F00 /* PBXTargetDependency */,
			);
			name = "flexible-keyboard Watch AppTests";
			productName = "flexible-keyboard Watch AppTests";
			productReference = 2137958C2BAB49B500A64F00 /* flexible-keyboard Watch AppTests.xctest */;
			productType = "com.apple.product-type.bundle.unit-test";
		};
		213795952BAB49B500A64F00 /* flexible-keyboard Watch AppUITests */ = {
			isa = PBXNativeTarget;
			buildConfigurationList = 213795AA2BAB49B500A64F00 /* Build configuration list for PBXNativeTarget "flexible-keyboard Watch AppUITests" */;
			buildPhases = (
				213795922BAB49B500A64F00 /* Sources */,
				213795932BAB49B500A64F00 /* Frameworks */,
				213795942BAB49B500A64F00 /* Resources */,
			);
			buildRules = (
			);
			dependencies = (
				213795982BAB49B500A64F00 /* PBXTargetDependency */,
			);
			name = "flexible-keyboard Watch AppUITests";
			productName = "flexible-keyboard Watch AppUITests";
			productReference = 213795962BAB49B500A64F00 /* flexible-keyboard Watch AppUITests.xctest */;
			productType = "com.apple.product-type.bundle.ui-testing";
		};
/* End PBXNativeTarget section */

/* Begin PBXProject section */
		2137956E2BAB49B000A64F00 /* Project object */ = {
			isa = PBXProject;
			attributes = {
				BuildIndependentTargetsInParallel = 1;
				LastSwiftUpdateCheck = 1530;
				LastUpgradeCheck = 1530;
				TargetAttributes = {
					213795732BAB49B000A64F00 = {
						CreatedOnToolsVersion = 15.3;
					};
					213795792BAB49B000A64F00 = {
						CreatedOnToolsVersion = 15.3;
					};
					2137958B2BAB49B500A64F00 = {
						CreatedOnToolsVersion = 15.3;
						TestTargetID = 213795792BAB49B000A64F00;
					};
					213795952BAB49B500A64F00 = {
						CreatedOnToolsVersion = 15.3;
						TestTargetID = 213795792BAB49B000A64F00;
					};
				};
			};
			buildConfigurationList = 213795712BAB49B000A64F00 /* Build configuration list for PBXProject "flexible-keyboard" */;
			compatibilityVersion = "Xcode 14.0";
			developmentRegion = en;
			hasScannedForEncodings = 0;
			knownRegions = (
				en,
				Base,
			);
			mainGroup = 2137956D2BAB49B000A64F00;
			productRefGroup = 213795752BAB49B000A64F00 /* Products */;
			projectDirPath = "";
			projectRoot = "";
			targets = (
				213795732BAB49B000A64F00 /* flexible-keyboard */,
				213795792BAB49B000A64F00 /* flexible-keyboard Watch App */,
				2137958B2BAB49B500A64F00 /* flexible-keyboard Watch AppTests */,
				213795952BAB49B500A64F00 /* flexible-keyboard Watch AppUITests */,
			);
		};
/* End PBXProject section */

/* Begin PBXResourcesBuildPhase section */
		213795722BAB49B000A64F00 /* Resources */ = {
			isa = PBXResourcesBuildPhase;
			buildActionMask = 2147483647;
			files = (
			);
			runOnlyForDeploymentPostprocessing = 0;
		};
		213795782BAB49B000A64F00 /* Resources */ = {
			isa = PBXResourcesBuildPhase;
			buildActionMask = 2147483647;
			files = (
				213795872BAB49B500A64F00 /* Preview Assets.xcassets in Resources */,
				213795842BAB49B500A64F00 /* Assets.xcassets in Resources */,
			);
			runOnlyForDeploymentPostprocessing = 0;
		};
		2137958A2BAB49B500A64F00 /* Resources */ = {
			isa = PBXResourcesBuildPhase;
			buildActionMask = 2147483647;
			files = (
			);
			runOnlyForDeploymentPostprocessing = 0;
		};
		213795942BAB49B500A64F00 /* Resources */ = {
			isa = PBXResourcesBuildPhase;
			buildActionMask = 2147483647;
			files = (
			);
			runOnlyForDeploymentPostprocessing = 0;
		};
/* End PBXResourcesBuildPhase section */

/* Begin PBXSourcesBuildPhase section */
		213795762BAB49B000A64F00 /* Sources */ = {
			isa = PBXSourcesBuildPhase;
			buildActionMask = 2147483647;
			files = (
				213795822BAB49B000A64F00 /* ContentView.swift in Sources */,
				213795802BAB49B000A64F00 /* flexible_keyboardApp.swift in Sources */,
			);
			runOnlyForDeploymentPostprocessing = 0;
		};
		213795882BAB49B500A64F00 /* Sources */ = {
			isa = PBXSourcesBuildPhase;
			buildActionMask = 2147483647;
			files = (
				213795912BAB49B500A64F00 /* flexible_keyboard_Watch_AppTests.swift in Sources */,
			);
			runOnlyForDeploymentPostprocessing = 0;
		};
		213795922BAB49B500A64F00 /* Sources */ = {
			isa = PBXSourcesBuildPhase;
			buildActionMask = 2147483647;
			files = (
				2137959D2BAB49B500A64F00 /* flexible_keyboard_Watch_AppUITestsLaunchTests.swift in Sources */,
				2137959B2BAB49B500A64F00 /* flexible_keyboard_Watch_AppUITests.swift in Sources */,
			);
			runOnlyForDeploymentPostprocessing = 0;
		};
/* End PBXSourcesBuildPhase section */

/* Begin PBXTargetDependency section */
		2137957D2BAB49B000A64F00 /* PBXTargetDependency */ = {
			isa = PBXTargetDependency;
			target = 213795792BAB49B000A64F00 /* flexible-keyboard Watch App */;
			targetProxy = 2137957C2BAB49B000A64F00 /* PBXContainerItemProxy */;
		};
		2137958E2BAB49B500A64F00 /* PBXTargetDependency */ = {
			isa = PBXTargetDependency;
			target = 213795792BAB49B000A64F00 /* flexible-keyboard Watch App */;
			targetProxy = 2137958D2BAB49B500A64F00 /* PBXContainerItemProxy */;
		};
		213795982BAB49B500A64F00 /* PBXTargetDependency */ = {
			isa = PBXTargetDependency;
			target = 213795792BAB49B000A64F00 /* flexible-keyboard Watch App */;
			targetProxy = 213795972BAB49B500A64F00 /* PBXContainerItemProxy */;
		};
/* End PBXTargetDependency section */

/* Begin XCBuildConfiguration section */
		2137959E2BAB49B500A64F00 /* Debug */ = {
			isa = XCBuildConfiguration;
			buildSettings = {
				ALWAYS_SEARCH_USER_PATHS = NO;
				ASSETCATALOG_COMPILER_GENERATE_SWIFT_ASSET_SYMBOL_EXTENSIONS = YES;
				CLANG_ANALYZER_NONNULL = YES;
				CLANG_ANALYZER_NUMBER_OBJECT_CONVERSION = YES_AGGRESSIVE;
				CLANG_CXX_LANGUAGE_STANDARD = "gnu++20";
				CLANG_ENABLE_MODULES = YES;
				CLANG_ENABLE_OBJC_ARC = YES;
				CLANG_ENABLE_OBJC_WEAK = YES;
				CLANG_WARN_BLOCK_CAPTURE_AUTORELEASING = YES;
				CLANG_WARN_BOOL_CONVERSION = YES;
				CLANG_WARN_COMMA = YES;
				CLANG_WARN_CONSTANT_CONVERSION = YES;
				CLANG_WARN_DEPRECATED_OBJC_IMPLEMENTATIONS = YES;
				CLANG_WARN_DIRECT_OBJC_ISA_USAGE = YES_ERROR;
				CLANG_WARN_DOCUMENTATION_COMMENTS = YES;
				CLANG_WARN_EMPTY_BODY = YES;
				CLANG_WARN_ENUM_CONVERSION = YES;
				CLANG_WARN_INFINITE_RECURSION = YES;
				CLANG_WARN_INT_CONVERSION = YES;
				CLANG_WARN_NON_LITERAL_NULL_CONVERSION = YES;
				CLANG_WARN_OBJC_IMPLICIT_RETAIN_SELF = YES;
				CLANG_WARN_OBJC_LITERAL_CONVERSION = YES;
				CLANG_WARN_OBJC_ROOT_CLASS = YES_ERROR;
				CLANG_WARN_QUOTED_INCLUDE_IN_FRAMEWORK_HEADER = YES;
				CLANG_WARN_RANGE_LOOP_ANALYSIS = YES;
				CLANG_WARN_STRICT_PROTOTYPES = YES;
				CLANG_WARN_SUSPICIOUS_MOVE = YES;
				CLANG_WARN_UNGUARDED_AVAILABILITY = YES_AGGRESSIVE;
				CLANG_WARN_UNREACHABLE_CODE = YES;
				CLANG_WARN__DUPLICATE_METHOD_MATCH = YES;
				COPY_PHASE_STRIP = NO;
				DEBUG_INFORMATION_FORMAT = dwarf;
				ENABLE_STRICT_OBJC_MSGSEND = YES;
				ENABLE_TESTABILITY = YES;
				ENABLE_USER_SCRIPT_SANDBOXING = YES;
				GCC_C_LANGUAGE_STANDARD = gnu17;
				GCC_DYNAMIC_NO_PIC = NO;
				GCC_NO_COMMON_BLOCKS = YES;
				GCC_OPTIMIZATION_LEVEL = 0;
				GCC_PREPROCESSOR_DEFINITIONS = (
					"DEBUG=1",
					"$(inherited)",
				);
				GCC_WARN_64_TO_32_BIT_CONVERSION = YES;
				GCC_WARN_ABOUT_RETURN_TYPE = YES_ERROR;
				GCC_WARN_UNDECLARED_SELECTOR = YES;
				GCC_WARN_UNINITIALIZED_AUTOS = YES_AGGRESSIVE;
				GCC_WARN_UNUSED_FUNCTION = YES;
				GCC_WARN_UNUSED_VARIABLE = YES;
				LOCALIZATION_PREFERS_STRING_CATALOGS = YES;
				MTL_ENABLE_DEBUG_INFO = INCLUDE_SOURCE;
				MTL_FAST_MATH = YES;
				ONLY_ACTIVE_ARCH = YES;
				SWIFT_ACTIVE_COMPILATION_CONDITIONS = "DEBUG $(inherited)";
				SWIFT_OPTIMIZATION_LEVEL = "-Onone";
			};
			name = Debug;
		};
		2137959F2BAB49B500A64F00 /* Release */ = {
			isa = XCBuildConfiguration;
			buildSettings = {
				ALWAYS_SEARCH_USER_PATHS = NO;
				ASSETCATALOG_COMPILER_GENERATE_SWIFT_ASSET_SYMBOL_EXTENSIONS = YES;
				CLANG_ANALYZER_NONNULL = YES;
				CLANG_ANALYZER_NUMBER_OBJECT_CONVERSION = YES_AGGRESSIVE;
				CLANG_CXX_LANGUAGE_STANDARD = "gnu++20";
				CLANG_ENABLE_MODULES = YES;
				CLANG_ENABLE_OBJC_ARC = YES;
				CLANG_ENABLE_OBJC_WEAK = YES;
				CLANG_WARN_BLOCK_CAPTURE_AUTORELEASING = YES;
				CLANG_WARN_BOOL_CONVERSION = YES;
				CLANG_WARN_COMMA = YES;
				CLANG_WARN_CONSTANT_CONVERSION = YES;
				CLANG_WARN_DEPRECATED_OBJC_IMPLEMENTATIONS = YES;
				CLANG_WARN_DIRECT_OBJC_ISA_USAGE = YES_ERROR;
				CLANG_WARN_DOCUMENTATION_COMMENTS = YES;
				CLANG_WARN_EMPTY_BODY = YES;
				CLANG_WARN_ENUM_CONVERSION = YES;
				CLANG_WARN_INFINITE_RECURSION = YES;
				CLANG_WARN_INT_CONVERSION = YES;
				CLANG_WARN_NON_LITERAL_NULL_CONVERSION = YES;
				CLANG_WARN_OBJC_IMPLICIT_RETAIN_SELF = YES;
				CLANG_WARN_OBJC_LITERAL_CONVERSION = YES;
				CLANG_WARN_OBJC_ROOT_CLASS = YES_ERROR;
				CLANG_WARN_QUOTED_INCLUDE_IN_FRAMEWORK_HEADER = YES;
				CLANG_WARN_RANGE_LOOP_ANALYSIS = YES;
				CLANG_WARN_STRICT_PROTOTYPES = YES;
				CLANG_WARN_SUSPICIOUS_MOVE = YES;
				CLANG_WARN_UNGUARDED_AVAILABILITY = YES_AGGRESSIVE;
				CLANG_WARN_UNREACHABLE_CODE = YES;
				CLANG_WARN__DUPLICATE_METHOD_MATCH = YES;
				COPY_PHASE_STRIP = NO;
				DEBUG_INFORMATION_FORMAT = "dwarf-with-dsym";
				ENABLE_NS_ASSERTIONS = NO;
				ENABLE_STRICT_OBJC_MSGSEND = YES;
				ENABLE_USER_SCRIPT_SANDBOXING = YES;
				GCC_C_LANGUAGE_STANDARD = gnu17;
				GCC_NO_COMMON_BLOCKS = YES;
				GCC_WARN_64_TO_32_BIT_CONVERSION = YES;
				GCC_WARN_ABOUT_RETURN_TYPE = YES_ERROR;
				GCC_WARN_UNDECLARED_SELECTOR = YES;
				GCC_WARN_UNINITIALIZED_AUTOS = YES_AGGRESSIVE;
				GCC_WARN_UNUSED_FUNCTION = YES;
				GCC_WARN_UNUSED_VARIABLE = YES;
				LOCALIZATION_PREFERS_STRING_CATALOGS = YES;
				MTL_ENABLE_DEBUG_INFO = NO;
				MTL_FAST_MATH = YES;
				SWIFT_COMPILATION_MODE = wholemodule;
			};
			name = Release;
		};
		213795A12BAB49B500A64F00 /* Debug */ = {
			isa = XCBuildConfiguration;
			buildSettings = {
				ASSETCATALOG_COMPILER_APPICON_NAME = AppIcon;
				ASSETCATALOG_COMPILER_GLOBAL_ACCENT_COLOR_NAME = AccentColor;
				CODE_SIGN_STYLE = Automatic;
				CURRENT_PROJECT_VERSION = 1;
				DEVELOPMENT_ASSET_PATHS = "\"flexible-keyboard Watch App/Preview Content\"";
				ENABLE_PREVIEWS = YES;
				GENERATE_INFOPLIST_FILE = YES;
				INFOPLIST_KEY_CFBundleDisplayName = "flexible-keyboard";
				INFOPLIST_KEY_UISupportedInterfaceOrientations = "UIInterfaceOrientationPortrait UIInterfaceOrientationPortraitUpsideDown";
				INFOPLIST_KEY_WKWatchOnly = YES;
				LD_RUNPATH_SEARCH_PATHS = (
					"$(inherited)",
					"@executable_path/Frameworks",
				);
				MARKETING_VERSION = 1.0;
				PRODUCT_BUNDLE_IDENTIFIER = "Tianyuan-Chen.flexible-keyboard.watchkitapp";
				PRODUCT_NAME = "$(TARGET_NAME)";
				SDKROOT = watchos;
				SKIP_INSTALL = YES;
				SWIFT_EMIT_LOC_STRINGS = YES;
				SWIFT_VERSION = 5.0;
				TARGETED_DEVICE_FAMILY = 4;
				WATCHOS_DEPLOYMENT_TARGET = 10.4;
			};
			name = Debug;
		};
		213795A22BAB49B500A64F00 /* Release */ = {
			isa = XCBuildConfiguration;
			buildSettings = {
				ASSETCATALOG_COMPILER_APPICON_NAME = AppIcon;
				ASSETCATALOG_COMPILER_GLOBAL_ACCENT_COLOR_NAME = AccentColor;
				CODE_SIGN_STYLE = Automatic;
				CURRENT_PROJECT_VERSION = 1;
				DEVELOPMENT_ASSET_PATHS = "\"flexible-keyboard Watch App/Preview Content\"";
				ENABLE_PREVIEWS = YES;
				GENERATE_INFOPLIST_FILE = YES;
				INFOPLIST_KEY_CFBundleDisplayName = "flexible-keyboard";
				INFOPLIST_KEY_UISupportedInterfaceOrientations = "UIInterfaceOrientationPortrait UIInterfaceOrientationPortraitUpsideDown";
				INFOPLIST_KEY_WKWatchOnly = YES;
				LD_RUNPATH_SEARCH_PATHS = (
					"$(inherited)",
					"@executable_path/Frameworks",
				);
				MARKETING_VERSION = 1.0;
				PRODUCT_BUNDLE_IDENTIFIER = "Tianyuan-Chen.flexible-keyboard.watchkitapp";
				PRODUCT_NAME = "$(TARGET_NAME)";
				SDKROOT = watchos;
				SKIP_INSTALL = YES;
				SWIFT_EMIT_LOC_STRINGS = YES;
				SWIFT_VERSION = 5.0;
				TARGETED_DEVICE_FAMILY = 4;
				VALIDATE_PRODUCT = YES;
				WATCHOS_DEPLOYMENT_TARGET = 10.4;
			};
			name = Release;
		};
		213795A52BAB49B500A64F00 /* Debug */ = {
			isa = XCBuildConfiguration;
			buildSettings = {
				ALWAYS_EMBED_SWIFT_STANDARD_LIBRARIES = YES;
				CODE_SIGN_STYLE = Automatic;
				CURRENT_PROJECT_VERSION = 1;
				INFOPLIST_KEY_CFBundleDisplayName = "flexible-keyboard";
				MARKETING_VERSION = 1.0;
				PRODUCT_BUNDLE_IDENTIFIER = "Tianyuan-Chen.flexible-keyboard";
				PRODUCT_NAME = "$(TARGET_NAME)";
				SDKROOT = iphoneos;
				SWIFT_VERSION = 5.0;
			};
			name = Debug;
		};
		213795A62BAB49B500A64F00 /* Release */ = {
			isa = XCBuildConfiguration;
			buildSettings = {
				ALWAYS_EMBED_SWIFT_STANDARD_LIBRARIES = YES;
				CODE_SIGN_STYLE = Automatic;
				CURRENT_PROJECT_VERSION = 1;
				INFOPLIST_KEY_CFBundleDisplayName = "flexible-keyboard";
				MARKETING_VERSION = 1.0;
				PRODUCT_BUNDLE_IDENTIFIER = "Tianyuan-Chen.flexible-keyboard";
				PRODUCT_NAME = "$(TARGET_NAME)";
				SDKROOT = iphoneos;
				SWIFT_VERSION = 5.0;
				VALIDATE_PRODUCT = YES;
			};
			name = Release;
		};
		213795A82BAB49B500A64F00 /* Debug */ = {
			isa = XCBuildConfiguration;
			buildSettings = {
				ALWAYS_EMBED_SWIFT_STANDARD_LIBRARIES = YES;
				BUNDLE_LOADER = "$(TEST_HOST)";
				CODE_SIGN_STYLE = Automatic;
				CURRENT_PROJECT_VERSION = 1;
				GENERATE_INFOPLIST_FILE = YES;
				MARKETING_VERSION = 1.0;
				PRODUCT_BUNDLE_IDENTIFIER = "Tianyuan-Chen.flexible-keyboard-Watch-AppTests";
				PRODUCT_NAME = "$(TARGET_NAME)";
				SDKROOT = watchos;
				SWIFT_EMIT_LOC_STRINGS = NO;
				SWIFT_VERSION = 5.0;
				TARGETED_DEVICE_FAMILY = 4;
				TEST_HOST = "$(BUILT_PRODUCTS_DIR)/flexible-keyboard Watch App.app/$(BUNDLE_EXECUTABLE_FOLDER_PATH)/flexible-keyboard Watch App";
				WATCHOS_DEPLOYMENT_TARGET = 10.4;
			};
			name = Debug;
		};
		213795A92BAB49B500A64F00 /* Release */ = {
			isa = XCBuildConfiguration;
			buildSettings = {
				ALWAYS_EMBED_SWIFT_STANDARD_LIBRARIES = YES;
				BUNDLE_LOADER = "$(TEST_HOST)";
				CODE_SIGN_STYLE = Automatic;
				CURRENT_PROJECT_VERSION = 1;
				GENERATE_INFOPLIST_FILE = YES;
				MARKETING_VERSION = 1.0;
				PRODUCT_BUNDLE_IDENTIFIER = "Tianyuan-Chen.flexible-keyboard-Watch-AppTests";
				PRODUCT_NAME = "$(TARGET_NAME)";
				SDKROOT = watchos;
				SWIFT_EMIT_LOC_STRINGS = NO;
				SWIFT_VERSION = 5.0;
				TARGETED_DEVICE_FAMILY = 4;
				TEST_HOST = "$(BUILT_PRODUCTS_DIR)/flexible-keyboard Watch App.app/$(BUNDLE_EXECUTABLE_FOLDER_PATH)/flexible-keyboard Watch App";
				VALIDATE_PRODUCT = YES;
				WATCHOS_DEPLOYMENT_TARGET = 10.4;
			};
			name = Release;
		};
		213795AB2BAB49B500A64F00 /* Debug */ = {
			isa = XCBuildConfiguration;
			buildSettings = {
				ALWAYS_EMBED_SWIFT_STANDARD_LIBRARIES = YES;
				CODE_SIGN_STYLE = Automatic;
				CURRENT_PROJECT_VERSION = 1;
				GENERATE_INFOPLIST_FILE = YES;
				MARKETING_VERSION = 1.0;
				PRODUCT_BUNDLE_IDENTIFIER = "Tianyuan-Chen.flexible-keyboard-Watch-AppUITests";
				PRODUCT_NAME = "$(TARGET_NAME)";
				SDKROOT = watchos;
				SWIFT_EMIT_LOC_STRINGS = NO;
				SWIFT_VERSION = 5.0;
				TARGETED_DEVICE_FAMILY = 4;
				TEST_TARGET_NAME = "flexible-keyboard Watch App";
				WATCHOS_DEPLOYMENT_TARGET = 10.4;
			};
			name = Debug;
		};
		213795AC2BAB49B500A64F00 /* Release */ = {
			isa = XCBuildConfiguration;
			buildSettings = {
				ALWAYS_EMBED_SWIFT_STANDARD_LIBRARIES = YES;
				CODE_SIGN_STYLE = Automatic;
				CURRENT_PROJECT_VERSION = 1;
				GENERATE_INFOPLIST_FILE = YES;
				MARKETING_VERSION = 1.0;
				PRODUCT_BUNDLE_IDENTIFIER = "Tianyuan-Chen.flexible-keyboard-Watch-AppUITests";
				PRODUCT_NAME = "$(TARGET_NAME)";
				SDKROOT = watchos;
				SWIFT_EMIT_LOC_STRINGS = NO;
				SWIFT_VERSION = 5.0;
				TARGETED_DEVICE_FAMILY = 4;
				TEST_TARGET_NAME = "flexible-keyboard Watch App";
				VALIDATE_PRODUCT = YES;
				WATCHOS_DEPLOYMENT_TARGET = 10.4;
			};
			name = Release;
		};
/* End XCBuildConfiguration section */

/* Begin XCConfigurationList section */
		213795712BAB49B000A64F00 /* Build configuration list for PBXProject "flexible-keyboard" */ = {
			isa = XCConfigurationList;
			buildConfigurations = (
				2137959E2BAB49B500A64F00 /* Debug */,
				2137959F2BAB49B500A64F00 /* Release */,
			);
			defaultConfigurationIsVisible = 0;
			defaultConfigurationName = Release;
		};
		213795A02BAB49B500A64F00 /* Build configuration list for PBXNativeTarget "flexible-keyboard Watch App" */ = {
			isa = XCConfigurationList;
			buildConfigurations = (
				213795A12BAB49B500A64F00 /* Debug */,
				213795A22BAB49B500A64F00 /* Release */,
			);
			defaultConfigurationIsVisible = 0;
			defaultConfigurationName = Release;
		};
		213795A42BAB49B500A64F00 /* Build configuration list for PBXNativeTarget "flexible-keyboard" */ = {
			isa = XCConfigurationList;
			buildConfigurations = (
				213795A52BAB49B500A64F00 /* Debug */,
				213795A62BAB49B500A64F00 /* Release */,
			);
			defaultConfigurationIsVisible = 0;
			defaultConfigurationName = Release;
		};
		213795A72BAB49B500A64F00 /* Build configuration list for PBXNativeTarget "flexible-keyboard Watch AppTests" */ = {
			isa = XCConfigurationList;
			buildConfigurations = (
				213795A82BAB49B500A64F00 /* Debug */,
				213795A92BAB49B500A64F00 /* Release */,
			);
			defaultConfigurationIsVisible = 0;
			defaultConfigurationName = Release;
		};
		213795AA2BAB49B500A64F00 /* Build configuration list for PBXNativeTarget "flexible-keyboard Watch AppUITests" */ = {
			isa = XCConfigurationList;
			buildConfigurations = (
				213795AB2BAB49B500A64F00 /* Debug */,
				213795AC2BAB49B500A64F00 /* Release */,
			);
			defaultConfigurationIsVisible = 0;
			defaultConfigurationName = Release;
		};
/* End XCConfigurationList section */
	};
	rootObject = 2137956E2BAB49B000A64F00 /* Project object */;
}
